
Microsoft Visual Studio Solution File, Format Version 12.00
# Visual Studio Version 16
VisualStudioVersion = 16.0.31515.178
MinimumVisualStudioVersion = 10.0.40219.1
Project("{FAE04EC0-301F-11D3-BF4B-00C04F79EFBC}") = "EX.Guess_A_Number_Game", "EX.Guess_A_Number_Game\EX.Guess_A_Number_Game.csproj", "{1F74610A-5DB5-4CF0-9789-451C0A191CEB}"
EndProject
Global
	GlobalSection(SolutionConfigurationPlatforms) = preSolution
		Debug|Any CPU = Debug|Any CPU
		Release|Any CPU = Release|Any CPU
	EndGlobalSection
	GlobalSection(ProjectConfigurationPlatforms) = postSolution
		{1F74610A-5DB5-4CF0-9789-451C0A191CEB}.Debug|Any CPU.ActiveCfg = Debug|Any CPU
		{1F74610A-5DB5-4CF0-9789-451C0A191CEB}.Debug|Any CPU.Build.0 = Debug|Any CPU
		{1F74610A-5DB5-4CF0-9789-451C0A191CEB}.Release|Any CPU.ActiveCfg = Release|Any CPU
		{1F74610A-5DB5-4CF0-9789-451C0A191CEB}.Release|Any CPU.Build.0 = Release|Any CPU
	EndGlobalSection
	GlobalSection(SolutionProperties) = preSolution
		HideSolutionNode = FALSE
	EndGlobalSection
	GlobalSection(ExtensibilityGlobals) = postSolution
		SolutionGuid = {54D10071-C2C8-415F-988C-1F1307D609C7}
	EndGlobalSection
EndGlobal
